// !$*UTF8*$!
{
	archiveVersion = 1;
	classes = {
	};
	objectVersion = 50;
	objects = {

/* Begin PBXBuildFile section */
		185F4DDC21EC816D000590A2 /* AppDelegate.m in Sources */ = {isa = PBXBuildFile; fileRef = 185F4DDB21EC816D000590A2 /* AppDelegate.m */; };
		185F4DDF21EC816D000590A2 /* ViewController.m in Sources */ = {isa = PBXBuildFile; fileRef = 185F4DDE21EC816D000590A2 /* ViewController.m */; };
		185F4DE221EC816D000590A2 /* Main.storyboard in Resources */ = {isa = PBXBuildFile; fileRef = 185F4DE021EC816D000590A2 /* Main.storyboard */; };
		185F4DE421EC816D000590A2 /* Assets.xcassets in Resources */ = {isa = PBXBuildFile; fileRef = 185F4DE321EC816D000590A2 /* Assets.xcassets */; };
		185F4DE721EC816D000590A2 /* LaunchScreen.storyboard in Resources */ = {isa = PBXBuildFile; fileRef = 185F4DE521EC816D000590A2 /* LaunchScreen.storyboard */; };
		185F4DEA21EC816D000590A2 /* main.m in Sources */ = {isa = PBXBuildFile; fileRef = 185F4DE921EC816D000590A2 /* main.m */; };
/* End PBXBuildFile section */

/* Begin PBXFileReference section */
		185F4DD721EC816D000590A2 /* NSDExtendTool.app */ = {isa = PBXFileReference; explicitFileType = wrapper.application; includeInIndex = 0; path = NSDExtendTool.app; sourceTree = BUILT_PRODUCTS_DIR; };
		185F4DDA21EC816D000590A2 /* AppDelegate.h */ = {isa = PBXFileReference; lastKnownFileType = sourcecode.c.h; path = AppDelegate.h; sourceTree = "<group>"; };
		185F4DDB21EC816D000590A2 /* AppDelegate.m */ = {isa = PBXFileReference; lastKnownFileType = sourcecode.c.objc; path = AppDelegate.m; sourceTree = "<group>"; };
		185F4DDD21EC816D000590A2 /* ViewController.h */ = {isa = PBXFileReference; lastKnownFileType = sourcecode.c.h; path = ViewController.h; sourceTree = "<group>"; };
		185F4DDE21EC816D000590A2 /* ViewController.m */ = {isa = PBXFileReference; lastKnownFileType = sourcecode.c.objc; path = ViewController.m; sourceTree = "<group>"; };
		185F4DE121EC816D000590A2 /* Base */ = {isa = PBXFileReference; lastKnownFileType = file.storyboard; name = Base; path = Base.lproj/Main.storyboard; sourceTree = "<group>"; };
		185F4DE321EC816D000590A2 /* Assets.xcassets */ = {isa = PBXFileReference; lastKnownFileType = folder.assetcatalog; path = Assets.xcassets; sourceTree = "<group>"; };
		185F4DE621EC816D000590A2 /* Base */ = {isa = PBXFileReference; lastKnownFileType = file.storyboard; name = Base; path = Base.lproj/LaunchScreen.storyboard; sourceTree = "<group>"; };
		185F4DE821EC816D000590A2 /* Info.plist */ = {isa = PBXFileReference; lastKnownFileType = text.plist.xml; path = Info.plist; sourceTree = "<group>"; };
		185F4DE921EC816D000590A2 /* main.m */ = {isa = PBXFileReference; lastKnownFileType = sourcecode.c.objc; path = main.m; sourceTree = "<group>"; };
/* End PBXFileReference section */

/* Begin PBXFrameworksBuildPhase section */
		185F4DD421EC816D000590A2 /* Frameworks */ = {
			isa = PBXFrameworksBuildPhase;
			buildActionMask = 2147483647;
			files = (
			);
			runOnlyForDeploymentPostprocessing = 0;
		};
/* End PBXFrameworksBuildPhase section */

/* Begin PBXGroup section */
		185F4DCE21EC816D000590A2 = {
			isa = PBXGroup;
			children = (
				185F4DE521EC816D000590A2 /* LaunchScreen.storyboard */,
				185F4DE021EC816D000590A2 /* Main.storyboard */,
				185F4DE321EC816D000590A2 /* Assets.xcassets */,
				185F4DE821EC816D000590A2 /* Info.plist */,
				185F4DE921EC816D000590A2 /* main.m */,
				185F4DDA21EC816D000590A2 /* AppDelegate.h */,
				185F4DDB21EC816D000590A2 /* AppDelegate.m */,
				18DD60AB21ED6B89007AF201 /* TestDemo */,
				185F4DD821EC816D000590A2 /* Products */,
			);
			sourceTree = "<group>";
		};
		185F4DD821EC816D000590A2 /* Products */ = {
			isa = PBXGroup;
			children = (
				185F4DD721EC816D000590A2 /* NSDExtendTool.app */,
			);
			name = Products;
			sourceTree = "<group>";
		};
		18DD60AB21ED6B89007AF201 /* TestDemo */ = {
			isa = PBXGroup;
			children = (
				185F4DDD21EC816D000590A2 /* ViewController.h */,
				185F4DDE21EC816D000590A2 /* ViewController.m */,
			);
			path = TestDemo;
			sourceTree = "<group>";
		};
/* End PBXGroup section */

/* Begin PBXNativeTarget section */
		185F4DD621EC816D000590A2 /* NSDExtendTool */ = {
			isa = PBXNativeTarget;
			buildConfigurationList = 185F4DED21EC816D000590A2 /* Build configuration list for PBXNativeTarget "NSDExtendTool" */;
			buildPhases = (
				185F4DD321EC816D000590A2 /* Sources */,
				185F4DD421EC816D000590A2 /* Frameworks */,
				185F4DD521EC816D000590A2 /* Resources */,
			);
			buildRules = (
			);
			dependencies = (
			);
			name = NSDExtendTool;
			productName = NeeSUIKitCategory;
			productReference = 185F4DD721EC816D000590A2 /* NSDExtendTool.app */;
			productType = "com.apple.product-type.application";
		};
/* End PBXNativeTarget section */

/* Begin PBXProject section */
		185F4DCF21EC816D000590A2 /* Project object */ = {
			isa = PBXProject;
			attributes = {
				LastUpgradeCheck = 1010;
				ORGANIZATIONNAME = apple;
				TargetAttributes = {
					185F4DD621EC816D000590A2 = {
						CreatedOnToolsVersion = 10.1;
					};
				};
			};
			buildConfigurationList = 185F4DD221EC816D000590A2 /* Build configuration list for PBXProject "NSDExtendTool" */;
			compatibilityVersion = "Xcode 9.3";
			developmentRegion = en;
			hasScannedForEncodings = 0;
			knownRegions = (
				en,
				Base,
			);
			mainGroup = 185F4DCE21EC816D000590A2;
			productRefGroup = 185F4DD821EC816D000590A2 /* Products */;
			projectDirPath = "";
			projectRoot = "";
			targets = (
				185F4DD621EC816D000590A2 /* NSDExtendTool */,
			);
		};
/* End PBXProject section */

/* Begin PBXResourcesBuildPhase section */
		185F4DD521EC816D000590A2 /* Resources */ = {
			isa = PBXResourcesBuildPhase;
			buildActionMask = 2147483647;
			files = (
				185F4DE721EC816D000590A2 /* LaunchScreen.storyboard in Resources */,
				185F4DE421EC816D000590A2 /* Assets.xcassets in Resources */,
				185F4DE221EC816D000590A2 /* Main.storyboard in Resources */,
			);
			runOnlyForDeploymentPostprocessing = 0;
		};
/* End PBXResourcesBuildPhase section */

/* Begin PBXSourcesBuildPhase section */
		185F4DD321EC816D000590A2 /* Sources */ = {
			isa = PBXSourcesBuildPhase;
			buildActionMask = 2147483647;
			files = (
				185F4DDF21EC816D000590A2 /* ViewController.m in Sources */,
				185F4DEA21EC816D000590A2 /* main.m in Sources */,
				185F4DDC21EC816D000590A2 /* AppDelegate.m in Sources */,
			);
			runOnlyForDeploymentPostprocessing = 0;
		};
/* End PBXSourcesBuildPhase section */

/* Begin PBXVariantGroup section */
		185F4DE021EC816D000590A2 /* Main.storyboard */ = {
			isa = PBXVariantGroup;
			children = (
				185F4DE121EC816D000590A2 /* Base */,
			);
			name = Main.storyboard;
			sourceTree = "<group>";
		};
		185F4DE521EC816D000590A2 /* LaunchScreen.storyboard */ = {
			isa = PBXVariantGroup;
			children = (
				185F4DE621EC816D000590A2 /* Base */,
			);
			name = LaunchScreen.storyboard;
			sourceTree = "<group>";
		};
/* End PBXVariantGroup section */

/* Begin XCBuildConfiguration section */
		185F4DEB21EC816D000590A2 /* Debug */ = {
			isa = XCBuildConfiguration;
			buildSettings = {
				ALWAYS_SEARCH_USER_PATHS = NO;
				CLANG_ANALYZER_NONNULL = YES;
				CLANG_ANALYZER_NUMBER_OBJECT_CONVERSION = YES_AGGRESSIVE;
				CLANG_CXX_LANGUAGE_STANDARD = "gnu++14";
				CLANG_CXX_LIBRARY = "libc++";
				CLANG_ENABLE_MODULES = YES;
				CLANG_ENABLE_OBJC_ARC = YES;
				CLANG_ENABLE_OBJC_WEAK = YES;
				CLANG_WARN_BLOCK_CAPTURE_AUTORELEASING = YES;
				CLANG_WARN_BOOL_CONVERSION = YES;
				CLANG_WARN_COMMA = YES;
				CLANG_WARN_CONSTANT_CONVERSION = YES;
				CLANG_WARN_DEPRECATED_OBJC_IMPLEMENTATIONS = YES;
				CLANG_WARN_DIRECT_OBJC_ISA_USAGE = YES_ERROR;
				CLANG_WARN_DOCUMENTATION_COMMENTS = YES;
				CLANG_WARN_EMPTY_BODY = YES;
				CLANG_WARN_ENUM_CONVERSION = YES;
				CLANG_WARN_INFINITE_RECURSION = YES;
				CLANG_WARN_INT_CONVERSION = YES;
				CLANG_WARN_NON_LITERAL_NULL_CONVERSION = YES;
				CLANG_WARN_OBJC_IMPLICIT_RETAIN_SELF = YES;
				CLANG_WARN_OBJC_LITERAL_CONVERSION = YES;
				CLANG_WARN_OBJC_ROOT_CLASS = YES_ERROR;
				CLANG_WARN_RANGE_LOOP_ANALYSIS = YES;
				CLANG_WARN_STRICT_PROTOTYPES = YES;
				CLANG_WARN_SUSPICIOUS_MOVE = YES;
				CLANG_WARN_UNGUARDED_AVAILABILITY = YES_AGGRESSIVE;
				CLANG_WARN_UNREACHABLE_CODE = YES;
				CLANG_WARN__DUPLICATE_METHOD_MATCH = YES;
				CODE_SIGN_IDENTITY = "iPhone Developer";
				COPY_PHASE_STRIP = NO;
				DEBUG_INFORMATION_FORMAT = dwarf;
				ENABLE_STRICT_OBJC_MSGSEND = YES;
				ENABLE_TESTABILITY = YES;
				GCC_C_LANGUAGE_STANDARD = gnu11;
				GCC_DYNAMIC_NO_PIC = NO;
				GCC_NO_COMMON_BLOCKS = YES;
				GCC_OPTIMIZATION_LEVEL = 0;
				GCC_PREPROCESSOR_DEFINITIONS = (
					"DEBUG=1",
					"$(inherited)",
				);
				GCC_WARN_64_TO_32_BIT_CONVERSION = YES;
				GCC_WARN_ABOUT_RETURN_TYPE = YES_ERROR;
				GCC_WARN_UNDECLARED_SELECTOR = YES;
				GCC_WARN_UNINITIALIZED_AUTOS = YES_AGGRESSIVE;
				GCC_WARN_UNUSED_FUNCTION = YES;
				GCC_WARN_UNUSED_VARIABLE = YES;
				IPHONEOS_DEPLOYMENT_TARGET = 11.0;
				MTL_ENABLE_DEBUG_INFO = INCLUDE_SOURCE;
				MTL_FAST_MATH = YES;
				ONLY_ACTIVE_ARCH = YES;
				SDKROOT = iphoneos;
			};
			name = Debug;
		};
		185F4DEC21EC816D000590A2 /* Release */ = {
			isa = XCBuildConfiguration;
			buildSettings = {
				ALWAYS_SEARCH_USER_PATHS = NO;
				CLANG_ANALYZER_NONNULL = YES;
				CLANG_ANALYZER_NUMBER_OBJECT_CONVERSION = YES_AGGRESSIVE;
				CLANG_CXX_LANGUAGE_STANDARD = "gnu++14";
				CLANG_CXX_LIBRARY = "libc++";
				CLANG_ENABLE_MODULES = YES;
				CLANG_ENABLE_OBJC_ARC = YES;
				CLANG_ENABLE_OBJC_WEAK = YES;
				CLANG_WARN_BLOCK_CAPTURE_AUTORELEASING = YES;
				CLANG_WARN_BOOL_CONVERSION = YES;
				CLANG_WARN_COMMA = YES;
				CLANG_WARN_CONSTANT_CONVERSION = YES;
				CLANG_WARN_DEPRECATED_OBJC_IMPLEMENTATIONS = YES;
				CLANG_WARN_DIRECT_OBJC_ISA_USAGE = YES_ERROR;
				CLANG_WARN_DOCUMENTATION_COMMENTS = YES;
				CLANG_WARN_EMPTY_BODY = YES;
				CLANG_WARN_ENUM_CONVERSION = YES;
				CLANG_WARN_INFINITE_RECURSION = YES;
				CLANG_WARN_INT_CONVERSION = YES;
				CLANG_WARN_NON_LITERAL_NULL_CONVERSION = YES;
				CLANG_WARN_OBJC_IMPLICIT_RETAIN_SELF = YES;
				CLANG_WARN_OBJC_LITERAL_CONVERSION = YES;
				CLANG_WARN_OBJC_ROOT_CLASS = YES_ERROR;
				CLANG_WARN_RANGE_LOOP_ANALYSIS = YES;
				CLANG_WARN_STRICT_PROTOTYPES = YES;
				CLANG_WARN_SUSPICIOUS_MOVE = YES;
				CLANG_WARN_UNGUARDED_AVAILABILITY = YES_AGGRESSIVE;
				CLANG_WARN_UNREACHABLE_CODE = YES;
				CLANG_WARN__DUPLICATE_METHOD_MATCH = YES;
				CODE_SIGN_IDENTITY = "iPhone Developer";
				COPY_PHASE_STRIP = NO;
				DEBUG_INFORMATION_FORMAT = "dwarf-with-dsym";
				ENABLE_NS_ASSERTIONS = NO;
				ENABLE_STRICT_OBJC_MSGSEND = YES;
				GCC_C_LANGUAGE_STANDARD = gnu11;
				GCC_NO_COMMON_BLOCKS = YES;
				GCC_WARN_64_TO_32_BIT_CONVERSION = YES;
				GCC_WARN_ABOUT_RETURN_TYPE = YES_ERROR;
				GCC_WARN_UNDECLARED_SELECTOR = YES;
				GCC_WARN_UNINITIALIZED_AUTOS = YES_AGGRESSIVE;
				GCC_WARN_UNUSED_FUNCTION = YES;
				GCC_WARN_UNUSED_VARIABLE = YES;
				IPHONEOS_DEPLOYMENT_TARGET = 11.0;
				MTL_ENABLE_DEBUG_INFO = NO;
				MTL_FAST_MATH = YES;
				SDKROOT = iphoneos;
				VALIDATE_PRODUCT = YES;
			};
			name = Release;
		};
		185F4DEE21EC816D000590A2 /* Debug */ = {
			isa = XCBuildConfiguration;
			buildSettings = {
				ASSETCATALOG_COMPILER_APPICON_NAME = AppIcon;
				CODE_SIGN_STYLE = Automatic;
				INFOPLIST_FILE = Info.plist;
				LD_RUNPATH_SEARCH_PATHS = (
					"$(inherited)",
					"@executable_path/Frameworks",
				);
				PRODUCT_BUNDLE_IDENTIFIER = com.NeeSDev.NSDUIKitCategory;
				PRODUCT_NAME = "$(TARGET_NAME)";
				TARGETED_DEVICE_FAMILY = "1,2";
			};
			name = Debug;
		};
		185F4DEF21EC816D000590A2 /* Release */ = {
			isa = XCBuildConfiguration;
			buildSettings = {
				ASSETCATALOG_COMPILER_APPICON_NAME = AppIcon;
				CODE_SIGN_STYLE = Automatic;
				INFOPLIST_FILE = Info.plist;
				LD_RUNPATH_SEARCH_PATHS = (
					"$(inherited)",
					"@executable_path/Frameworks",
				);
				PRODUCT_BUNDLE_IDENTIFIER = com.NeeSDev.NSDUIKitCategory;
				PRODUCT_NAME = "$(TARGET_NAME)";
				TARGETED_DEVICE_FAMILY = "1,2";
			};
			name = Release;
		};
/* End XCBuildConfiguration section */

/* Begin XCConfigurationList section */
		185F4DD221EC816D000590A2 /* Build configuration list for PBXProject "NSDExtendTool" */ = {
			isa = XCConfigurationList;
			buildConfigurations = (
				185F4DEB21EC816D000590A2 /* Debug */,
				185F4DEC21EC816D000590A2 /* Release */,
			);
			defaultConfigurationIsVisible = 0;
			defaultConfigurationName = Release;
		};
		185F4DED21EC816D000590A2 /* Build configuration list for PBXNativeTarget "NSDExtendTool" */ = {
			isa = XCConfigurationList;
			buildConfigurations = (
				185F4DEE21EC816D000590A2 /* Debug */,
				185F4DEF21EC816D000590A2 /* Release */,
			);
			defaultConfigurationIsVisible = 0;
			defaultConfigurationName = Release;
		};
/* End XCConfigurationList section */
	};
	rootObject = 185F4DCF21EC816D000590A2 /* Project object */;
}
