// !$*UTF8*$!
{
	archiveVersion = 1;
	classes = {
	};
	objectVersion = 50;
	objects = {

/* Begin PBXBuildFile section */
		18453B5721F8543D007CD41E /* UIAlertController+NSDQuicker.m in Sources */ = {isa = PBXBuildFile; fileRef = 18453B5621F8543D007CD41E /* UIAlertController+NSDQuicker.m */; };
		18528404221D122600ED2FA5 /* NSDCollectionViewLeftAlignedLayout.m in Sources */ = {isa = PBXBuildFile; fileRef = 18528403221D122600ED2FA5 /* NSDCollectionViewLeftAlignedLayout.m */; };
		1856446821F705B1008883D8 /* NSDTextView.m in Sources */ = {isa = PBXBuildFile; fileRef = 1856446721F705B1008883D8 /* NSDTextView.m */; };
		1861DC7B21F9B3F100588E0A /* UITextField+NSDQuicker.m in Sources */ = {isa = PBXBuildFile; fileRef = 1861DC7A21F9B3F100588E0A /* UITextField+NSDQuicker.m */; };
		186E067421F1DC4C0013E0F4 /* AppDelegate.m in Sources */ = {isa = PBXBuildFile; fileRef = 186E067321F1DC4C0013E0F4 /* AppDelegate.m */; };
		186E067721F1DC4C0013E0F4 /* ViewController.m in Sources */ = {isa = PBXBuildFile; fileRef = 186E067621F1DC4C0013E0F4 /* ViewController.m */; };
		186E067A21F1DC4C0013E0F4 /* Main.storyboard in Resources */ = {isa = PBXBuildFile; fileRef = 186E067821F1DC4C0013E0F4 /* Main.storyboard */; };
		186E067C21F1DC4D0013E0F4 /* Assets.xcassets in Resources */ = {isa = PBXBuildFile; fileRef = 186E067B21F1DC4D0013E0F4 /* Assets.xcassets */; };
		186E067F21F1DC4D0013E0F4 /* LaunchScreen.storyboard in Resources */ = {isa = PBXBuildFile; fileRef = 186E067D21F1DC4D0013E0F4 /* LaunchScreen.storyboard */; };
		186E068221F1DC4D0013E0F4 /* main.m in Sources */ = {isa = PBXBuildFile; fileRef = 186E068121F1DC4D0013E0F4 /* main.m */; };
		1870790121F6C5EB00EED8B5 /* UIView+NSDQuicker.m in Sources */ = {isa = PBXBuildFile; fileRef = 187078EB21F6C5EB00EED8B5 /* UIView+NSDQuicker.m */; };
		1870790221F6C5EB00EED8B5 /* UIButton+NSDQuicker.m in Sources */ = {isa = PBXBuildFile; fileRef = 187078EC21F6C5EB00EED8B5 /* UIButton+NSDQuicker.m */; };
		1870790321F6C5EB00EED8B5 /* UIImage+NSDCompress.m in Sources */ = {isa = PBXBuildFile; fileRef = 187078ED21F6C5EB00EED8B5 /* UIImage+NSDCompress.m */; };
		1870790521F6C5EB00EED8B5 /* NSDictionary+NSDQuicker.m in Sources */ = {isa = PBXBuildFile; fileRef = 187078EF21F6C5EB00EED8B5 /* NSDictionary+NSDQuicker.m */; };
		1870790621F6C5EB00EED8B5 /* UIImageView+NSDQuicker.m in Sources */ = {isa = PBXBuildFile; fileRef = 187078F021F6C5EB00EED8B5 /* UIImageView+NSDQuicker.m */; };
		1870790821F6C5EB00EED8B5 /* UILabel+NSDQuicker.m in Sources */ = {isa = PBXBuildFile; fileRef = 187078F921F6C5EB00EED8B5 /* UILabel+NSDQuicker.m */; };
		1870790B21F6C5EB00EED8B5 /* NSDKeychainAccess.m in Sources */ = {isa = PBXBuildFile; fileRef = 1870790021F6C5EB00EED8B5 /* NSDKeychainAccess.m */; };
		18E0805E22002B49006C6546 /* NSDCircleSlideView.m in Sources */ = {isa = PBXBuildFile; fileRef = 18E0805D22002B49006C6546 /* NSDCircleSlideView.m */; };
		18E0806522004040006C6546 /* NSDImageTextView.m in Sources */ = {isa = PBXBuildFile; fileRef = 18E0806322004040006C6546 /* NSDImageTextView.m */; };
		18E0807522016812006C6546 /* NSString+NSDQuicker.m in Sources */ = {isa = PBXBuildFile; fileRef = 18E0807422016812006C6546 /* NSString+NSDQuicker.m */; };
		18E45CC621F8281F004A4C28 /* NSDHttpRequester.m in Sources */ = {isa = PBXBuildFile; fileRef = 18E45CC421F8281F004A4C28 /* NSDHttpRequester.m */; };
		18E45CCB21F82825004A4C28 /* NSDStore.m in Sources */ = {isa = PBXBuildFile; fileRef = 18E45CC921F82825004A4C28 /* NSDStore.m */; };
		18E45CCC21F82825004A4C28 /* NSDModel.m in Sources */ = {isa = PBXBuildFile; fileRef = 18E45CCA21F82825004A4C28 /* NSDModel.m */; settings = {COMPILER_FLAGS = "-fno-objc-arc"; }; };
		18E45CD121F8283E004A4C28 /* NSDNavigationController.m in Sources */ = {isa = PBXBuildFile; fileRef = 18E45CCD21F8283E004A4C28 /* NSDNavigationController.m */; };
		18E45CD221F8283E004A4C28 /* NSDViewController.m in Sources */ = {isa = PBXBuildFile; fileRef = 18E45CCE21F8283E004A4C28 /* NSDViewController.m */; };
		544B1F228F99D60D692DD954 /* libPods-NSDExtendTools.a in Frameworks */ = {isa = PBXBuildFile; fileRef = 0F81481181E62F31A7310D44 /* libPods-NSDExtendTools.a */; };
		9AA41775228BB84C00ACD4A1 /* JSONValueTransformer.m in Sources */ = {isa = PBXBuildFile; fileRef = 9AA41762228BB84C00ACD4A1 /* JSONValueTransformer.m */; };
		9AA41776228BB84C00ACD4A1 /* JSONKeyMapper.m in Sources */ = {isa = PBXBuildFile; fileRef = 9AA41765228BB84C00ACD4A1 /* JSONKeyMapper.m */; };
		9AA41777228BB84C00ACD4A1 /* JSONModel.m in Sources */ = {isa = PBXBuildFile; fileRef = 9AA41767228BB84C00ACD4A1 /* JSONModel.m */; };
		9AA41778228BB84C00ACD4A1 /* JSONModelError.m in Sources */ = {isa = PBXBuildFile; fileRef = 9AA41768228BB84C00ACD4A1 /* JSONModelError.m */; };
		9AA41779228BB84C00ACD4A1 /* JSONModelClassProperty.m in Sources */ = {isa = PBXBuildFile; fileRef = 9AA4176B228BB84C00ACD4A1 /* JSONModelClassProperty.m */; };
		9AA4177A228BB84C00ACD4A1 /* JSONHTTPClient.m in Sources */ = {isa = PBXBuildFile; fileRef = 9AA4176F228BB84C00ACD4A1 /* JSONHTTPClient.m */; };
		9AA4177B228BB84C00ACD4A1 /* JSONAPI.m in Sources */ = {isa = PBXBuildFile; fileRef = 9AA41770228BB84C00ACD4A1 /* JSONAPI.m */; };
		9AA4177C228BB84C00ACD4A1 /* JSONModel+networking.m in Sources */ = {isa = PBXBuildFile; fileRef = 9AA41774228BB84C00ACD4A1 /* JSONModel+networking.m */; };
		9AA41780228BBADE00ACD4A1 /* NoScaleBgButton.m in Sources */ = {isa = PBXBuildFile; fileRef = 9AA4177E228BBADE00ACD4A1 /* NoScaleBgButton.m */; };
/* End PBXBuildFile section */

/* Begin PBXFileReference section */
		0F81481181E62F31A7310D44 /* libPods-NSDExtendTools.a */ = {isa = PBXFileReference; explicitFileType = archive.ar; includeInIndex = 0; path = "libPods-NSDExtendTools.a"; sourceTree = BUILT_PRODUCTS_DIR; };
		1012D10ABF5EC71F8812A9B8 /* Pods-NSDExtendTools.debug.xcconfig */ = {isa = PBXFileReference; includeInIndex = 1; lastKnownFileType = text.xcconfig; name = "Pods-NSDExtendTools.debug.xcconfig"; path = "Target Support Files/Pods-NSDExtendTools/Pods-NSDExtendTools.debug.xcconfig"; sourceTree = "<group>"; };
		18453B5521F8543D007CD41E /* UIAlertController+NSDQuicker.h */ = {isa = PBXFileReference; lastKnownFileType = sourcecode.c.h; path = "UIAlertController+NSDQuicker.h"; sourceTree = "<group>"; };
		18453B5621F8543D007CD41E /* UIAlertController+NSDQuicker.m */ = {isa = PBXFileReference; lastKnownFileType = sourcecode.c.objc; path = "UIAlertController+NSDQuicker.m"; sourceTree = "<group>"; };
		18528402221D122600ED2FA5 /* NSDCollectionViewLeftAlignedLayout.h */ = {isa = PBXFileReference; fileEncoding = 4; lastKnownFileType = sourcecode.c.h; path = NSDCollectionViewLeftAlignedLayout.h; sourceTree = "<group>"; };
		18528403221D122600ED2FA5 /* NSDCollectionViewLeftAlignedLayout.m */ = {isa = PBXFileReference; fileEncoding = 4; lastKnownFileType = sourcecode.c.objc; path = NSDCollectionViewLeftAlignedLayout.m; sourceTree = "<group>"; };
		1856446621F705B1008883D8 /* NSDTextView.h */ = {isa = PBXFileReference; fileEncoding = 4; lastKnownFileType = sourcecode.c.h; path = NSDTextView.h; sourceTree = "<group>"; };
		1856446721F705B1008883D8 /* NSDTextView.m */ = {isa = PBXFileReference; fileEncoding = 4; lastKnownFileType = sourcecode.c.objc; path = NSDTextView.m; sourceTree = "<group>"; };
		1856447521F7200A008883D8 /* NSDUIKitSubclass.h */ = {isa = PBXFileReference; lastKnownFileType = sourcecode.c.h; path = NSDUIKitSubclass.h; sourceTree = "<group>"; };
		1856447C21F72011008883D8 /* NSDProjectBase.h */ = {isa = PBXFileReference; fileEncoding = 4; lastKnownFileType = sourcecode.c.h; path = NSDProjectBase.h; sourceTree = "<group>"; };
		1856448721F72248008883D8 /* NSDExtendTool.h */ = {isa = PBXFileReference; lastKnownFileType = sourcecode.c.h; name = NSDExtendTool.h; path = ../NSDExtendTool.h; sourceTree = "<group>"; };
		1861DC7921F9B3F100588E0A /* UITextField+NSDQuicker.h */ = {isa = PBXFileReference; lastKnownFileType = sourcecode.c.h; path = "UITextField+NSDQuicker.h"; sourceTree = "<group>"; };
		1861DC7A21F9B3F100588E0A /* UITextField+NSDQuicker.m */ = {isa = PBXFileReference; lastKnownFileType = sourcecode.c.objc; path = "UITextField+NSDQuicker.m"; sourceTree = "<group>"; };
		186E066F21F1DC4C0013E0F4 /* NSDExtendTools.app */ = {isa = PBXFileReference; explicitFileType = wrapper.application; includeInIndex = 0; path = NSDExtendTools.app; sourceTree = BUILT_PRODUCTS_DIR; };
		186E067221F1DC4C0013E0F4 /* AppDelegate.h */ = {isa = PBXFileReference; lastKnownFileType = sourcecode.c.h; path = AppDelegate.h; sourceTree = "<group>"; };
		186E067321F1DC4C0013E0F4 /* AppDelegate.m */ = {isa = PBXFileReference; lastKnownFileType = sourcecode.c.objc; path = AppDelegate.m; sourceTree = "<group>"; };
		186E067521F1DC4C0013E0F4 /* ViewController.h */ = {isa = PBXFileReference; lastKnownFileType = sourcecode.c.h; path = ViewController.h; sourceTree = "<group>"; };
		186E067621F1DC4C0013E0F4 /* ViewController.m */ = {isa = PBXFileReference; lastKnownFileType = sourcecode.c.objc; path = ViewController.m; sourceTree = "<group>"; };
		186E067921F1DC4C0013E0F4 /* Base */ = {isa = PBXFileReference; lastKnownFileType = file.storyboard; name = Base; path = Base.lproj/Main.storyboard; sourceTree = "<group>"; };
		186E067B21F1DC4D0013E0F4 /* Assets.xcassets */ = {isa = PBXFileReference; lastKnownFileType = folder.assetcatalog; path = Assets.xcassets; sourceTree = "<group>"; };
		186E067E21F1DC4D0013E0F4 /* Base */ = {isa = PBXFileReference; lastKnownFileType = file.storyboard; name = Base; path = Base.lproj/LaunchScreen.storyboard; sourceTree = "<group>"; };
		186E068021F1DC4D0013E0F4 /* Info.plist */ = {isa = PBXFileReference; lastKnownFileType = text.plist.xml; path = Info.plist; sourceTree = "<group>"; };
		186E068121F1DC4D0013E0F4 /* main.m */ = {isa = PBXFileReference; lastKnownFileType = sourcecode.c.objc; path = main.m; sourceTree = "<group>"; };
		187078EB21F6C5EB00EED8B5 /* UIView+NSDQuicker.m */ = {isa = PBXFileReference; fileEncoding = 4; lastKnownFileType = sourcecode.c.objc; path = "UIView+NSDQuicker.m"; sourceTree = "<group>"; };
		187078EC21F6C5EB00EED8B5 /* UIButton+NSDQuicker.m */ = {isa = PBXFileReference; fileEncoding = 4; lastKnownFileType = sourcecode.c.objc; path = "UIButton+NSDQuicker.m"; sourceTree = "<group>"; };
		187078ED21F6C5EB00EED8B5 /* UIImage+NSDCompress.m */ = {isa = PBXFileReference; fileEncoding = 4; lastKnownFileType = sourcecode.c.objc; path = "UIImage+NSDCompress.m"; sourceTree = "<group>"; };
		187078EF21F6C5EB00EED8B5 /* NSDictionary+NSDQuicker.m */ = {isa = PBXFileReference; fileEncoding = 4; lastKnownFileType = sourcecode.c.objc; path = "NSDictionary+NSDQuicker.m"; sourceTree = "<group>"; };
		187078F021F6C5EB00EED8B5 /* UIImageView+NSDQuicker.m */ = {isa = PBXFileReference; fileEncoding = 4; lastKnownFileType = sourcecode.c.objc; path = "UIImageView+NSDQuicker.m"; sourceTree = "<group>"; };
		187078F121F6C5EB00EED8B5 /* NSDUIKitCategory.h */ = {isa = PBXFileReference; fileEncoding = 4; lastKnownFileType = sourcecode.c.h; path = NSDUIKitCategory.h; sourceTree = "<group>"; };
		187078F221F6C5EB00EED8B5 /* UILabel+NSDQuicker.h */ = {isa = PBXFileReference; fileEncoding = 4; lastKnownFileType = sourcecode.c.h; path = "UILabel+NSDQuicker.h"; sourceTree = "<group>"; };
		187078F421F6C5EB00EED8B5 /* UIButton+NSDQuicker.h */ = {isa = PBXFileReference; fileEncoding = 4; lastKnownFileType = sourcecode.c.h; path = "UIButton+NSDQuicker.h"; sourceTree = "<group>"; };
		187078F521F6C5EB00EED8B5 /* UIView+NSDQuicker.h */ = {isa = PBXFileReference; fileEncoding = 4; lastKnownFileType = sourcecode.c.h; path = "UIView+NSDQuicker.h"; sourceTree = "<group>"; };
		187078F621F6C5EB00EED8B5 /* UIImageView+NSDQuicker.h */ = {isa = PBXFileReference; fileEncoding = 4; lastKnownFileType = sourcecode.c.h; path = "UIImageView+NSDQuicker.h"; sourceTree = "<group>"; };
		187078F721F6C5EB00EED8B5 /* NSDictionary+NSDQuicker.h */ = {isa = PBXFileReference; fileEncoding = 4; lastKnownFileType = sourcecode.c.h; path = "NSDictionary+NSDQuicker.h"; sourceTree = "<group>"; };
		187078F821F6C5EB00EED8B5 /* UIImage+NSDCompress.h */ = {isa = PBXFileReference; fileEncoding = 4; lastKnownFileType = sourcecode.c.h; path = "UIImage+NSDCompress.h"; sourceTree = "<group>"; };
		187078F921F6C5EB00EED8B5 /* UILabel+NSDQuicker.m */ = {isa = PBXFileReference; fileEncoding = 4; lastKnownFileType = sourcecode.c.objc; path = "UILabel+NSDQuicker.m"; sourceTree = "<group>"; };
		187078FB21F6C5EB00EED8B5 /* NSDDataExtend.h */ = {isa = PBXFileReference; fileEncoding = 4; lastKnownFileType = sourcecode.c.h; path = NSDDataExtend.h; sourceTree = "<group>"; };
		187078FF21F6C5EB00EED8B5 /* NSDKeychainAccess.h */ = {isa = PBXFileReference; fileEncoding = 4; lastKnownFileType = sourcecode.c.h; path = NSDKeychainAccess.h; sourceTree = "<group>"; };
		1870790021F6C5EB00EED8B5 /* NSDKeychainAccess.m */ = {isa = PBXFileReference; fileEncoding = 4; lastKnownFileType = sourcecode.c.objc; path = NSDKeychainAccess.m; sourceTree = "<group>"; };
		18E0805C22002B49006C6546 /* NSDCircleSlideView.h */ = {isa = PBXFileReference; lastKnownFileType = sourcecode.c.h; path = NSDCircleSlideView.h; sourceTree = "<group>"; };
		18E0805D22002B49006C6546 /* NSDCircleSlideView.m */ = {isa = PBXFileReference; lastKnownFileType = sourcecode.c.objc; path = NSDCircleSlideView.m; sourceTree = "<group>"; };
		18E0805F2200335A006C6546 /* NSDCustomView.h */ = {isa = PBXFileReference; lastKnownFileType = sourcecode.c.h; path = NSDCustomView.h; sourceTree = "<group>"; };
		18E0806322004040006C6546 /* NSDImageTextView.m */ = {isa = PBXFileReference; fileEncoding = 4; lastKnownFileType = sourcecode.c.objc; path = NSDImageTextView.m; sourceTree = "<group>"; };
		18E0806422004040006C6546 /* NSDImageTextView.h */ = {isa = PBXFileReference; fileEncoding = 4; lastKnownFileType = sourcecode.c.h; path = NSDImageTextView.h; sourceTree = "<group>"; };
		18E0807322016812006C6546 /* NSString+NSDQuicker.h */ = {isa = PBXFileReference; lastKnownFileType = sourcecode.c.h; path = "NSString+NSDQuicker.h"; sourceTree = "<group>"; };
		18E0807422016812006C6546 /* NSString+NSDQuicker.m */ = {isa = PBXFileReference; lastKnownFileType = sourcecode.c.objc; path = "NSString+NSDQuicker.m"; sourceTree = "<group>"; };
		18E45CC421F8281F004A4C28 /* NSDHttpRequester.m */ = {isa = PBXFileReference; fileEncoding = 4; lastKnownFileType = sourcecode.c.objc; path = NSDHttpRequester.m; sourceTree = "<group>"; };
		18E45CC521F8281F004A4C28 /* NSDHttpRequester.h */ = {isa = PBXFileReference; fileEncoding = 4; lastKnownFileType = sourcecode.c.h; path = NSDHttpRequester.h; sourceTree = "<group>"; };
		18E45CC721F82825004A4C28 /* NSDStore.h */ = {isa = PBXFileReference; fileEncoding = 4; lastKnownFileType = sourcecode.c.h; path = NSDStore.h; sourceTree = "<group>"; };
		18E45CC821F82825004A4C28 /* NSDModel.h */ = {isa = PBXFileReference; fileEncoding = 4; lastKnownFileType = sourcecode.c.h; path = NSDModel.h; sourceTree = "<group>"; };
		18E45CC921F82825004A4C28 /* NSDStore.m */ = {isa = PBXFileReference; fileEncoding = 4; lastKnownFileType = sourcecode.c.objc; path = NSDStore.m; sourceTree = "<group>"; };
		18E45CCA21F82825004A4C28 /* NSDModel.m */ = {isa = PBXFileReference; fileEncoding = 4; lastKnownFileType = sourcecode.c.objc; path = NSDModel.m; sourceTree = "<group>"; };
		18E45CCD21F8283E004A4C28 /* NSDNavigationController.m */ = {isa = PBXFileReference; fileEncoding = 4; lastKnownFileType = sourcecode.c.objc; path = NSDNavigationController.m; sourceTree = "<group>"; };
		18E45CCE21F8283E004A4C28 /* NSDViewController.m */ = {isa = PBXFileReference; fileEncoding = 4; lastKnownFileType = sourcecode.c.objc; path = NSDViewController.m; sourceTree = "<group>"; };
		18E45CCF21F8283E004A4C28 /* NSDViewController.h */ = {isa = PBXFileReference; fileEncoding = 4; lastKnownFileType = sourcecode.c.h; path = NSDViewController.h; sourceTree = "<group>"; };
		18E45CD021F8283E004A4C28 /* NSDNavigationController.h */ = {isa = PBXFileReference; fileEncoding = 4; lastKnownFileType = sourcecode.c.h; path = NSDNavigationController.h; sourceTree = "<group>"; };
		289D4D704984A7917287023B /* Pods-NSDExtendTools.release.xcconfig */ = {isa = PBXFileReference; includeInIndex = 1; lastKnownFileType = text.xcconfig; name = "Pods-NSDExtendTools.release.xcconfig"; path = "Target Support Files/Pods-NSDExtendTools/Pods-NSDExtendTools.release.xcconfig"; sourceTree = "<group>"; };
		9AA41762228BB84C00ACD4A1 /* JSONValueTransformer.m */ = {isa = PBXFileReference; fileEncoding = 4; lastKnownFileType = sourcecode.c.objc; path = JSONValueTransformer.m; sourceTree = "<group>"; };
		9AA41763228BB84C00ACD4A1 /* JSONKeyMapper.h */ = {isa = PBXFileReference; fileEncoding = 4; lastKnownFileType = sourcecode.c.h; path = JSONKeyMapper.h; sourceTree = "<group>"; };
		9AA41764228BB84C00ACD4A1 /* JSONValueTransformer.h */ = {isa = PBXFileReference; fileEncoding = 4; lastKnownFileType = sourcecode.c.h; path = JSONValueTransformer.h; sourceTree = "<group>"; };
		9AA41765228BB84C00ACD4A1 /* JSONKeyMapper.m */ = {isa = PBXFileReference; fileEncoding = 4; lastKnownFileType = sourcecode.c.objc; path = JSONKeyMapper.m; sourceTree = "<group>"; };
		9AA41767228BB84C00ACD4A1 /* JSONModel.m */ = {isa = PBXFileReference; fileEncoding = 4; lastKnownFileType = sourcecode.c.objc; path = JSONModel.m; sourceTree = "<group>"; };
		9AA41768228BB84C00ACD4A1 /* JSONModelError.m */ = {isa = PBXFileReference; fileEncoding = 4; lastKnownFileType = sourcecode.c.objc; path = JSONModelError.m; sourceTree = "<group>"; };
		9AA41769228BB84C00ACD4A1 /* JSONModelClassProperty.h */ = {isa = PBXFileReference; fileEncoding = 4; lastKnownFileType = sourcecode.c.h; path = JSONModelClassProperty.h; sourceTree = "<group>"; };
		9AA4176A228BB84C00ACD4A1 /* JSONModel.h */ = {isa = PBXFileReference; fileEncoding = 4; lastKnownFileType = sourcecode.c.h; path = JSONModel.h; sourceTree = "<group>"; };
		9AA4176B228BB84C00ACD4A1 /* JSONModelClassProperty.m */ = {isa = PBXFileReference; fileEncoding = 4; lastKnownFileType = sourcecode.c.objc; path = JSONModelClassProperty.m; sourceTree = "<group>"; };
		9AA4176C228BB84C00ACD4A1 /* JSONModelError.h */ = {isa = PBXFileReference; fileEncoding = 4; lastKnownFileType = sourcecode.c.h; path = JSONModelError.h; sourceTree = "<group>"; };
		9AA4176D228BB84C00ACD4A1 /* JSONModelLib.h */ = {isa = PBXFileReference; fileEncoding = 4; lastKnownFileType = sourcecode.c.h; path = JSONModelLib.h; sourceTree = "<group>"; };
		9AA4176F228BB84C00ACD4A1 /* JSONHTTPClient.m */ = {isa = PBXFileReference; fileEncoding = 4; lastKnownFileType = sourcecode.c.objc; path = JSONHTTPClient.m; sourceTree = "<group>"; };
		9AA41770228BB84C00ACD4A1 /* JSONAPI.m */ = {isa = PBXFileReference; fileEncoding = 4; lastKnownFileType = sourcecode.c.objc; path = JSONAPI.m; sourceTree = "<group>"; };
		9AA41771228BB84C00ACD4A1 /* JSONModel+networking.h */ = {isa = PBXFileReference; fileEncoding = 4; lastKnownFileType = sourcecode.c.h; path = "JSONModel+networking.h"; sourceTree = "<group>"; };
		9AA41772228BB84C00ACD4A1 /* JSONHTTPClient.h */ = {isa = PBXFileReference; fileEncoding = 4; lastKnownFileType = sourcecode.c.h; path = JSONHTTPClient.h; sourceTree = "<group>"; };
		9AA41773228BB84C00ACD4A1 /* JSONAPI.h */ = {isa = PBXFileReference; fileEncoding = 4; lastKnownFileType = sourcecode.c.h; path = JSONAPI.h; sourceTree = "<group>"; };
		9AA41774228BB84C00ACD4A1 /* JSONModel+networking.m */ = {isa = PBXFileReference; fileEncoding = 4; lastKnownFileType = sourcecode.c.objc; path = "JSONModel+networking.m"; sourceTree = "<group>"; };
		9AA4177E228BBADE00ACD4A1 /* NoScaleBgButton.m */ = {isa = PBXFileReference; fileEncoding = 4; lastKnownFileType = sourcecode.c.objc; path = NoScaleBgButton.m; sourceTree = "<group>"; };
		9AA4177F228BBADE00ACD4A1 /* NoScaleBgButton.h */ = {isa = PBXFileReference; fileEncoding = 4; lastKnownFileType = sourcecode.c.h; path = NoScaleBgButton.h; sourceTree = "<group>"; };
/* End PBXFileReference section */

/* Begin PBXFrameworksBuildPhase section */
		186E066C21F1DC4C0013E0F4 /* Frameworks */ = {
			isa = PBXFrameworksBuildPhase;
			buildActionMask = 2147483647;
			files = (
				544B1F228F99D60D692DD954 /* libPods-NSDExtendTools.a in Frameworks */,
			);
			runOnlyForDeploymentPostprocessing = 0;
		};
/* End PBXFrameworksBuildPhase section */

/* Begin PBXGroup section */
		09D8CF253C7B52F580ED88F5 /* Pods */ = {
			isa = PBXGroup;
			children = (
				1012D10ABF5EC71F8812A9B8 /* Pods-NSDExtendTools.debug.xcconfig */,
				289D4D704984A7917287023B /* Pods-NSDExtendTools.release.xcconfig */,
			);
			path = Pods;
			sourceTree = "<group>";
		};
		18453B5421F85414007CD41E /* ControllerCategory */ = {
			isa = PBXGroup;
			children = (
				18453B5521F8543D007CD41E /* UIAlertController+NSDQuicker.h */,
				18453B5621F8543D007CD41E /* UIAlertController+NSDQuicker.m */,
			);
			path = ControllerCategory;
			sourceTree = "<group>";
		};
		18528401221D122600ED2FA5 /* CollectionViewLayout */ = {
			isa = PBXGroup;
			children = (
				18528402221D122600ED2FA5 /* NSDCollectionViewLeftAlignedLayout.h */,
				18528403221D122600ED2FA5 /* NSDCollectionViewLeftAlignedLayout.m */,
			);
			path = CollectionViewLayout;
			sourceTree = "<group>";
		};
		1856446421F705B1008883D8 /* NSDUIKitSubclass */ = {
			isa = PBXGroup;
			children = (
				1856447521F7200A008883D8 /* NSDUIKitSubclass.h */,
				1856446521F705B1008883D8 /* TextView */,
			);
			name = NSDUIKitSubclass;
			path = ../NSDUIKitSubclass;
			sourceTree = "<group>";
		};
		1856446521F705B1008883D8 /* TextView */ = {
			isa = PBXGroup;
			children = (
				1856446621F705B1008883D8 /* NSDTextView.h */,
				1856446721F705B1008883D8 /* NSDTextView.m */,
			);
			path = TextView;
			sourceTree = "<group>";
		};
		1856447621F72011008883D8 /* NSDProjectBase */ = {
			isa = PBXGroup;
			children = (
				1856447C21F72011008883D8 /* NSDProjectBase.h */,
				18E45CC321F827A2004A4C28 /* ViewController */,
				1856447721F72011008883D8 /* DataBase */,
				1856447F21F72011008883D8 /* HttpBase */,
			);
			name = NSDProjectBase;
			path = ../NSDProjectBase;
			sourceTree = "<group>";
		};
		1856447721F72011008883D8 /* DataBase */ = {
			isa = PBXGroup;
			children = (
				18E45CC821F82825004A4C28 /* NSDModel.h */,
				18E45CCA21F82825004A4C28 /* NSDModel.m */,
				18E45CC721F82825004A4C28 /* NSDStore.h */,
				18E45CC921F82825004A4C28 /* NSDStore.m */,
			);
			path = DataBase;
			sourceTree = "<group>";
		};
		1856447F21F72011008883D8 /* HttpBase */ = {
			isa = PBXGroup;
			children = (
				18E45CC521F8281F004A4C28 /* NSDHttpRequester.h */,
				18E45CC421F8281F004A4C28 /* NSDHttpRequester.m */,
			);
			path = HttpBase;
			sourceTree = "<group>";
		};
		186E066621F1DC4C0013E0F4 = {
			isa = PBXGroup;
			children = (
				1856448721F72248008883D8 /* NSDExtendTool.h */,
				9AA41760228BB84C00ACD4A1 /* NSD_JSONModel */,
				18E0805B22002AEF006C6546 /* NSDCustomView */,
				1856447621F72011008883D8 /* NSDProjectBase */,
				1856446421F705B1008883D8 /* NSDUIKitSubclass */,
				187078FA21F6C5EB00EED8B5 /* NSDDataExtend */,
				187078EA21F6C5EB00EED8B5 /* NSDUIKitCategory */,
				186E067221F1DC4C0013E0F4 /* AppDelegate.h */,
				186E067321F1DC4C0013E0F4 /* AppDelegate.m */,
				186E067821F1DC4C0013E0F4 /* Main.storyboard */,
				186E067B21F1DC4D0013E0F4 /* Assets.xcassets */,
				186E067D21F1DC4D0013E0F4 /* LaunchScreen.storyboard */,
				186E068021F1DC4D0013E0F4 /* Info.plist */,
				186E068121F1DC4D0013E0F4 /* main.m */,
				186E067121F1DC4C0013E0F4 /* Demo */,
				186E067021F1DC4C0013E0F4 /* Products */,
				09D8CF253C7B52F580ED88F5 /* Pods */,
				65B1A2DAF48D76355E2C4250 /* Frameworks */,
			);
			sourceTree = "<group>";
		};
		186E067021F1DC4C0013E0F4 /* Products */ = {
			isa = PBXGroup;
			children = (
				186E066F21F1DC4C0013E0F4 /* NSDExtendTools.app */,
			);
			name = Products;
			sourceTree = "<group>";
		};
		186E067121F1DC4C0013E0F4 /* Demo */ = {
			isa = PBXGroup;
			children = (
				186E067521F1DC4C0013E0F4 /* ViewController.h */,
				186E067621F1DC4C0013E0F4 /* ViewController.m */,
			);
			path = Demo;
			sourceTree = "<group>";
		};
		187078EA21F6C5EB00EED8B5 /* NSDUIKitCategory */ = {
			isa = PBXGroup;
			children = (
				187078F121F6C5EB00EED8B5 /* NSDUIKitCategory.h */,
				1870790D21F6C76000EED8B5 /* DataCategory */,
				1870790C21F6C5FE00EED8B5 /* ViewCategory */,
				18453B5421F85414007CD41E /* ControllerCategory */,
			);
			name = NSDUIKitCategory;
			path = ../NSDUIKitCategory;
			sourceTree = "<group>";
		};
		187078FA21F6C5EB00EED8B5 /* NSDDataExtend */ = {
			isa = PBXGroup;
			children = (
				187078FB21F6C5EB00EED8B5 /* NSDDataExtend.h */,
				187078FE21F6C5EB00EED8B5 /* KeychainAccess */,
			);
			name = NSDDataExtend;
			path = ../NSDDataExtend;
			sourceTree = "<group>";
		};
		187078FE21F6C5EB00EED8B5 /* KeychainAccess */ = {
			isa = PBXGroup;
			children = (
				187078FF21F6C5EB00EED8B5 /* NSDKeychainAccess.h */,
				1870790021F6C5EB00EED8B5 /* NSDKeychainAccess.m */,
			);
			path = KeychainAccess;
			sourceTree = "<group>";
		};
		1870790C21F6C5FE00EED8B5 /* ViewCategory */ = {
			isa = PBXGroup;
			children = (
				187078F521F6C5EB00EED8B5 /* UIView+NSDQuicker.h */,
				187078EB21F6C5EB00EED8B5 /* UIView+NSDQuicker.m */,
				1861DC7921F9B3F100588E0A /* UITextField+NSDQuicker.h */,
				1861DC7A21F9B3F100588E0A /* UITextField+NSDQuicker.m */,
				187078F621F6C5EB00EED8B5 /* UIImageView+NSDQuicker.h */,
				187078F021F6C5EB00EED8B5 /* UIImageView+NSDQuicker.m */,
				187078F821F6C5EB00EED8B5 /* UIImage+NSDCompress.h */,
				187078ED21F6C5EB00EED8B5 /* UIImage+NSDCompress.m */,
				187078F221F6C5EB00EED8B5 /* UILabel+NSDQuicker.h */,
				187078F921F6C5EB00EED8B5 /* UILabel+NSDQuicker.m */,
				187078F421F6C5EB00EED8B5 /* UIButton+NSDQuicker.h */,
				187078EC21F6C5EB00EED8B5 /* UIButton+NSDQuicker.m */,
			);
			path = ViewCategory;
			sourceTree = "<group>";
		};
		1870790D21F6C76000EED8B5 /* DataCategory */ = {
			isa = PBXGroup;
			children = (
				187078F721F6C5EB00EED8B5 /* NSDictionary+NSDQuicker.h */,
				187078EF21F6C5EB00EED8B5 /* NSDictionary+NSDQuicker.m */,
				18E0807322016812006C6546 /* NSString+NSDQuicker.h */,
				18E0807422016812006C6546 /* NSString+NSDQuicker.m */,
			);
			path = DataCategory;
			sourceTree = "<group>";
		};
		18E0805B22002AEF006C6546 /* NSDCustomView */ = {
			isa = PBXGroup;
			children = (
				18E0805F2200335A006C6546 /* NSDCustomView.h */,
				9AA4177D228BBAD400ACD4A1 /* NoScaleBgButton */,
				18528401221D122600ED2FA5 /* CollectionViewLayout */,
				18E0806222004040006C6546 /* ImageTextView */,
				18E0806022003362006C6546 /* CircleSlideView */,
			);
			name = NSDCustomView;
			path = ../NSDCustomView;
			sourceTree = "<group>";
		};
		18E0806022003362006C6546 /* CircleSlideView */ = {
			isa = PBXGroup;
			children = (
				18E0805C22002B49006C6546 /* NSDCircleSlideView.h */,
				18E0805D22002B49006C6546 /* NSDCircleSlideView.m */,
			);
			path = CircleSlideView;
			sourceTree = "<group>";
		};
		18E0806222004040006C6546 /* ImageTextView */ = {
			isa = PBXGroup;
			children = (
				18E0806422004040006C6546 /* NSDImageTextView.h */,
				18E0806322004040006C6546 /* NSDImageTextView.m */,
			);
			path = ImageTextView;
			sourceTree = "<group>";
		};
		18E45CC321F827A2004A4C28 /* ViewController */ = {
			isa = PBXGroup;
			children = (
				18E45CCF21F8283E004A4C28 /* NSDViewController.h */,
				18E45CCE21F8283E004A4C28 /* NSDViewController.m */,
				18E45CD021F8283E004A4C28 /* NSDNavigationController.h */,
				18E45CCD21F8283E004A4C28 /* NSDNavigationController.m */,
			);
			path = ViewController;
			sourceTree = "<group>";
		};
		65B1A2DAF48D76355E2C4250 /* Frameworks */ = {
			isa = PBXGroup;
			children = (
				0F81481181E62F31A7310D44 /* libPods-NSDExtendTools.a */,
			);
			name = Frameworks;
			sourceTree = "<group>";
		};
		9AA41760228BB84C00ACD4A1 /* NSD_JSONModel */ = {
			isa = PBXGroup;
			children = (
				9AA4176D228BB84C00ACD4A1 /* JSONModelLib.h */,
				9AA41761228BB84C00ACD4A1 /* JSONModelTransformations */,
				9AA41766228BB84C00ACD4A1 /* JSONModel */,
				9AA4176E228BB84C00ACD4A1 /* JSONModelNetworking */,
			);
			name = NSD_JSONModel;
			path = ../NSD_JSONModel;
			sourceTree = "<group>";
		};
		9AA41761228BB84C00ACD4A1 /* JSONModelTransformations */ = {
			isa = PBXGroup;
			children = (
				9AA41762228BB84C00ACD4A1 /* JSONValueTransformer.m */,
				9AA41763228BB84C00ACD4A1 /* JSONKeyMapper.h */,
				9AA41764228BB84C00ACD4A1 /* JSONValueTransformer.h */,
				9AA41765228BB84C00ACD4A1 /* JSONKeyMapper.m */,
			);
			path = JSONModelTransformations;
			sourceTree = "<group>";
		};
		9AA41766228BB84C00ACD4A1 /* JSONModel */ = {
			isa = PBXGroup;
			children = (
				9AA41767228BB84C00ACD4A1 /* JSONModel.m */,
				9AA41768228BB84C00ACD4A1 /* JSONModelError.m */,
				9AA41769228BB84C00ACD4A1 /* JSONModelClassProperty.h */,
				9AA4176A228BB84C00ACD4A1 /* JSONModel.h */,
				9AA4176B228BB84C00ACD4A1 /* JSONModelClassProperty.m */,
				9AA4176C228BB84C00ACD4A1 /* JSONModelError.h */,
			);
			path = JSONModel;
			sourceTree = "<group>";
		};
		9AA4176E228BB84C00ACD4A1 /* JSONModelNetworking */ = {
			isa = PBXGroup;
			children = (
				9AA4176F228BB84C00ACD4A1 /* JSONHTTPClient.m */,
				9AA41770228BB84C00ACD4A1 /* JSONAPI.m */,
				9AA41771228BB84C00ACD4A1 /* JSONModel+networking.h */,
				9AA41772228BB84C00ACD4A1 /* JSONHTTPClient.h */,
				9AA41773228BB84C00ACD4A1 /* JSONAPI.h */,
				9AA41774228BB84C00ACD4A1 /* JSONModel+networking.m */,
			);
			path = JSONModelNetworking;
			sourceTree = "<group>";
		};
		9AA4177D228BBAD400ACD4A1 /* NoScaleBgButton */ = {
			isa = PBXGroup;
			children = (
				9AA4177F228BBADE00ACD4A1 /* NoScaleBgButton.h */,
				9AA4177E228BBADE00ACD4A1 /* NoScaleBgButton.m */,
			);
			path = NoScaleBgButton;
			sourceTree = "<group>";
		};
/* End PBXGroup section */

/* Begin PBXNativeTarget section */
		186E066E21F1DC4C0013E0F4 /* NSDExtendTools */ = {
			isa = PBXNativeTarget;
			buildConfigurationList = 186E068521F1DC4D0013E0F4 /* Build configuration list for PBXNativeTarget "NSDExtendTools" */;
			buildPhases = (
				49CAF95925A0E1DFD18BD7A7 /* [CP] Check Pods Manifest.lock */,
				186E066B21F1DC4C0013E0F4 /* Sources */,
				186E066C21F1DC4C0013E0F4 /* Frameworks */,
				186E066D21F1DC4C0013E0F4 /* Resources */,
			);
			buildRules = (
			);
			dependencies = (
			);
			name = NSDExtendTools;
			productName = NSDExtendTools;
			productReference = 186E066F21F1DC4C0013E0F4 /* NSDExtendTools.app */;
			productType = "com.apple.product-type.application";
		};
/* End PBXNativeTarget section */

/* Begin PBXProject section */
		186E066721F1DC4C0013E0F4 /* Project object */ = {
			isa = PBXProject;
			attributes = {
				LastUpgradeCheck = 1010;
				ORGANIZATIONNAME = NeeSDev;
				TargetAttributes = {
					186E066E21F1DC4C0013E0F4 = {
						CreatedOnToolsVersion = 10.1;
					};
				};
			};
			buildConfigurationList = 186E066A21F1DC4C0013E0F4 /* Build configuration list for PBXProject "NSDExtendTools" */;
			compatibilityVersion = "Xcode 9.3";
			developmentRegion = en;
			hasScannedForEncodings = 0;
			knownRegions = (
				en,
				Base,
			);
			mainGroup = 186E066621F1DC4C0013E0F4;
			productRefGroup = 186E067021F1DC4C0013E0F4 /* Products */;
			projectDirPath = "";
			projectRoot = "";
			targets = (
				186E066E21F1DC4C0013E0F4 /* NSDExtendTools */,
			);
		};
/* End PBXProject section */

/* Begin PBXResourcesBuildPhase section */
		186E066D21F1DC4C0013E0F4 /* Resources */ = {
			isa = PBXResourcesBuildPhase;
			buildActionMask = 2147483647;
			files = (
				186E067F21F1DC4D0013E0F4 /* LaunchScreen.storyboard in Resources */,
				186E067C21F1DC4D0013E0F4 /* Assets.xcassets in Resources */,
				186E067A21F1DC4C0013E0F4 /* Main.storyboard in Resources */,
			);
			runOnlyForDeploymentPostprocessing = 0;
		};
/* End PBXResourcesBuildPhase section */

/* Begin PBXShellScriptBuildPhase section */
		49CAF95925A0E1DFD18BD7A7 /* [CP] Check Pods Manifest.lock */ = {
			isa = PBXShellScriptBuildPhase;
			buildActionMask = 2147483647;
			files = (
			);
			inputFileListPaths = (
			);
			inputPaths = (
				"${PODS_PODFILE_DIR_PATH}/Podfile.lock",
				"${PODS_ROOT}/Manifest.lock",
			);
			name = "[CP] Check Pods Manifest.lock";
			outputFileListPaths = (
			);
			outputPaths = (
				"$(DERIVED_FILE_DIR)/Pods-NSDExtendTools-checkManifestLockResult.txt",
			);
			runOnlyForDeploymentPostprocessing = 0;
			shellPath = /bin/sh;
			shellScript = "diff \"${PODS_PODFILE_DIR_PATH}/Podfile.lock\" \"${PODS_ROOT}/Manifest.lock\" > /dev/null\nif [ $? != 0 ] ; then\n    # print error to STDERR\n    echo \"error: The sandbox is not in sync with the Podfile.lock. Run 'pod install' or update your CocoaPods installation.\" >&2\n    exit 1\nfi\n# This output is used by Xcode 'outputs' to avoid re-running this script phase.\necho \"SUCCESS\" > \"${SCRIPT_OUTPUT_FILE_0}\"\n";
			showEnvVarsInLog = 0;
		};
/* End PBXShellScriptBuildPhase section */

/* Begin PBXSourcesBuildPhase section */
		186E066B21F1DC4C0013E0F4 /* Sources */ = {
			isa = PBXSourcesBuildPhase;
			buildActionMask = 2147483647;
			files = (
				9AA4177A228BB84C00ACD4A1 /* JSONHTTPClient.m in Sources */,
				1870790121F6C5EB00EED8B5 /* UIView+NSDQuicker.m in Sources */,
				1870790B21F6C5EB00EED8B5 /* NSDKeychainAccess.m in Sources */,
				18E45CD221F8283E004A4C28 /* NSDViewController.m in Sources */,
				1870790221F6C5EB00EED8B5 /* UIButton+NSDQuicker.m in Sources */,
				186E067721F1DC4C0013E0F4 /* ViewController.m in Sources */,
				1870790521F6C5EB00EED8B5 /* NSDictionary+NSDQuicker.m in Sources */,
				9AA4177C228BB84C00ACD4A1 /* JSONModel+networking.m in Sources */,
				18528404221D122600ED2FA5 /* NSDCollectionViewLeftAlignedLayout.m in Sources */,
				18E45CCC21F82825004A4C28 /* NSDModel.m in Sources */,
				1870790621F6C5EB00EED8B5 /* UIImageView+NSDQuicker.m in Sources */,
				1870790321F6C5EB00EED8B5 /* UIImage+NSDCompress.m in Sources */,
				9AA41780228BBADE00ACD4A1 /* NoScaleBgButton.m in Sources */,
				9AA41778228BB84C00ACD4A1 /* JSONModelError.m in Sources */,
				186E068221F1DC4D0013E0F4 /* main.m in Sources */,
				9AA4177B228BB84C00ACD4A1 /* JSONAPI.m in Sources */,
				1856446821F705B1008883D8 /* NSDTextView.m in Sources */,
				18453B5721F8543D007CD41E /* UIAlertController+NSDQuicker.m in Sources */,
				1861DC7B21F9B3F100588E0A /* UITextField+NSDQuicker.m in Sources */,
				18E0806522004040006C6546 /* NSDImageTextView.m in Sources */,
				1870790821F6C5EB00EED8B5 /* UILabel+NSDQuicker.m in Sources */,
				18E0807522016812006C6546 /* NSString+NSDQuicker.m in Sources */,
				9AA41775228BB84C00ACD4A1 /* JSONValueTransformer.m in Sources */,
				9AA41776228BB84C00ACD4A1 /* JSONKeyMapper.m in Sources */,
				9AA41779228BB84C00ACD4A1 /* JSONModelClassProperty.m in Sources */,
				9AA41777228BB84C00ACD4A1 /* JSONModel.m in Sources */,
				18E45CCB21F82825004A4C28 /* NSDStore.m in Sources */,
				18E45CC621F8281F004A4C28 /* NSDHttpRequester.m in Sources */,
				18E45CD121F8283E004A4C28 /* NSDNavigationController.m in Sources */,
				18E0805E22002B49006C6546 /* NSDCircleSlideView.m in Sources */,
				186E067421F1DC4C0013E0F4 /* AppDelegate.m in Sources */,
			);
			runOnlyForDeploymentPostprocessing = 0;
		};
/* End PBXSourcesBuildPhase section */

/* Begin PBXVariantGroup section */
		186E067821F1DC4C0013E0F4 /* Main.storyboard */ = {
			isa = PBXVariantGroup;
			children = (
				186E067921F1DC4C0013E0F4 /* Base */,
			);
			name = Main.storyboard;
			sourceTree = "<group>";
		};
		186E067D21F1DC4D0013E0F4 /* LaunchScreen.storyboard */ = {
			isa = PBXVariantGroup;
			children = (
				186E067E21F1DC4D0013E0F4 /* Base */,
			);
			name = LaunchScreen.storyboard;
			sourceTree = "<group>";
		};
/* End PBXVariantGroup section */

/* Begin XCBuildConfiguration section */
		186E068321F1DC4D0013E0F4 /* Debug */ = {
			isa = XCBuildConfiguration;
			buildSettings = {
				ALWAYS_SEARCH_USER_PATHS = NO;
				CLANG_ANALYZER_NONNULL = YES;
				CLANG_ANALYZER_NUMBER_OBJECT_CONVERSION = YES_AGGRESSIVE;
				CLANG_CXX_LANGUAGE_STANDARD = "gnu++14";
				CLANG_CXX_LIBRARY = "libc++";
				CLANG_ENABLE_MODULES = YES;
				CLANG_ENABLE_OBJC_ARC = YES;
				CLANG_ENABLE_OBJC_WEAK = YES;
				CLANG_WARN_BLOCK_CAPTURE_AUTORELEASING = YES;
				CLANG_WARN_BOOL_CONVERSION = YES;
				CLANG_WARN_COMMA = YES;
				CLANG_WARN_CONSTANT_CONVERSION = YES;
				CLANG_WARN_DEPRECATED_OBJC_IMPLEMENTATIONS = YES;
				CLANG_WARN_DIRECT_OBJC_ISA_USAGE = YES_ERROR;
				CLANG_WARN_DOCUMENTATION_COMMENTS = YES;
				CLANG_WARN_EMPTY_BODY = YES;
				CLANG_WARN_ENUM_CONVERSION = YES;
				CLANG_WARN_INFINITE_RECURSION = YES;
				CLANG_WARN_INT_CONVERSION = YES;
				CLANG_WARN_NON_LITERAL_NULL_CONVERSION = YES;
				CLANG_WARN_OBJC_IMPLICIT_RETAIN_SELF = YES;
				CLANG_WARN_OBJC_LITERAL_CONVERSION = YES;
				CLANG_WARN_OBJC_ROOT_CLASS = YES_ERROR;
				CLANG_WARN_RANGE_LOOP_ANALYSIS = YES;
				CLANG_WARN_STRICT_PROTOTYPES = YES;
				CLANG_WARN_SUSPICIOUS_MOVE = YES;
				CLANG_WARN_UNGUARDED_AVAILABILITY = YES_AGGRESSIVE;
				CLANG_WARN_UNREACHABLE_CODE = YES;
				CLANG_WARN__DUPLICATE_METHOD_MATCH = YES;
				CODE_SIGN_IDENTITY = "iPhone Developer";
				COPY_PHASE_STRIP = NO;
				DEBUG_INFORMATION_FORMAT = dwarf;
				ENABLE_STRICT_OBJC_MSGSEND = YES;
				ENABLE_TESTABILITY = YES;
				GCC_C_LANGUAGE_STANDARD = gnu11;
				GCC_DYNAMIC_NO_PIC = NO;
				GCC_NO_COMMON_BLOCKS = YES;
				GCC_OPTIMIZATION_LEVEL = 0;
				GCC_PREPROCESSOR_DEFINITIONS = (
					"DEBUG=1",
					"$(inherited)",
				);
				GCC_WARN_64_TO_32_BIT_CONVERSION = YES;
				GCC_WARN_ABOUT_RETURN_TYPE = YES_ERROR;
				GCC_WARN_UNDECLARED_SELECTOR = YES;
				GCC_WARN_UNINITIALIZED_AUTOS = YES_AGGRESSIVE;
				GCC_WARN_UNUSED_FUNCTION = YES;
				GCC_WARN_UNUSED_VARIABLE = YES;
				IPHONEOS_DEPLOYMENT_TARGET = 9.0;
				MTL_ENABLE_DEBUG_INFO = INCLUDE_SOURCE;
				MTL_FAST_MATH = YES;
				ONLY_ACTIVE_ARCH = YES;
				SDKROOT = iphoneos;
			};
			name = Debug;
		};
		186E068421F1DC4D0013E0F4 /* Release */ = {
			isa = XCBuildConfiguration;
			buildSettings = {
				ALWAYS_SEARCH_USER_PATHS = NO;
				CLANG_ANALYZER_NONNULL = YES;
				CLANG_ANALYZER_NUMBER_OBJECT_CONVERSION = YES_AGGRESSIVE;
				CLANG_CXX_LANGUAGE_STANDARD = "gnu++14";
				CLANG_CXX_LIBRARY = "libc++";
				CLANG_ENABLE_MODULES = YES;
				CLANG_ENABLE_OBJC_ARC = YES;
				CLANG_ENABLE_OBJC_WEAK = YES;
				CLANG_WARN_BLOCK_CAPTURE_AUTORELEASING = YES;
				CLANG_WARN_BOOL_CONVERSION = YES;
				CLANG_WARN_COMMA = YES;
				CLANG_WARN_CONSTANT_CONVERSION = YES;
				CLANG_WARN_DEPRECATED_OBJC_IMPLEMENTATIONS = YES;
				CLANG_WARN_DIRECT_OBJC_ISA_USAGE = YES_ERROR;
				CLANG_WARN_DOCUMENTATION_COMMENTS = YES;
				CLANG_WARN_EMPTY_BODY = YES;
				CLANG_WARN_ENUM_CONVERSION = YES;
				CLANG_WARN_INFINITE_RECURSION = YES;
				CLANG_WARN_INT_CONVERSION = YES;
				CLANG_WARN_NON_LITERAL_NULL_CONVERSION = YES;
				CLANG_WARN_OBJC_IMPLICIT_RETAIN_SELF = YES;
				CLANG_WARN_OBJC_LITERAL_CONVERSION = YES;
				CLANG_WARN_OBJC_ROOT_CLASS = YES_ERROR;
				CLANG_WARN_RANGE_LOOP_ANALYSIS = YES;
				CLANG_WARN_STRICT_PROTOTYPES = YES;
				CLANG_WARN_SUSPICIOUS_MOVE = YES;
				CLANG_WARN_UNGUARDED_AVAILABILITY = YES_AGGRESSIVE;
				CLANG_WARN_UNREACHABLE_CODE = YES;
				CLANG_WARN__DUPLICATE_METHOD_MATCH = YES;
				CODE_SIGN_IDENTITY = "iPhone Developer";
				COPY_PHASE_STRIP = NO;
				DEBUG_INFORMATION_FORMAT = "dwarf-with-dsym";
				ENABLE_NS_ASSERTIONS = NO;
				ENABLE_STRICT_OBJC_MSGSEND = YES;
				GCC_C_LANGUAGE_STANDARD = gnu11;
				GCC_NO_COMMON_BLOCKS = YES;
				GCC_WARN_64_TO_32_BIT_CONVERSION = YES;
				GCC_WARN_ABOUT_RETURN_TYPE = YES_ERROR;
				GCC_WARN_UNDECLARED_SELECTOR = YES;
				GCC_WARN_UNINITIALIZED_AUTOS = YES_AGGRESSIVE;
				GCC_WARN_UNUSED_FUNCTION = YES;
				GCC_WARN_UNUSED_VARIABLE = YES;
				IPHONEOS_DEPLOYMENT_TARGET = 9.0;
				MTL_ENABLE_DEBUG_INFO = NO;
				MTL_FAST_MATH = YES;
				SDKROOT = iphoneos;
				VALIDATE_PRODUCT = YES;
			};
			name = Release;
		};
		186E068621F1DC4D0013E0F4 /* Debug */ = {
			isa = XCBuildConfiguration;
			baseConfigurationReference = 1012D10ABF5EC71F8812A9B8 /* Pods-NSDExtendTools.debug.xcconfig */;
			buildSettings = {
				ASSETCATALOG_COMPILER_APPICON_NAME = AppIcon;
				CODE_SIGN_STYLE = Automatic;
				INFOPLIST_FILE = Info.plist;
				IPHONEOS_DEPLOYMENT_TARGET = 9.0;
				LD_RUNPATH_SEARCH_PATHS = (
					"$(inherited)",
					"@executable_path/Frameworks",
				);
				PRODUCT_BUNDLE_IDENTIFIER = com.NeeSDev.NSDExtendTools;
				PRODUCT_NAME = "$(TARGET_NAME)";
				TARGETED_DEVICE_FAMILY = "1,2";
			};
			name = Debug;
		};
		186E068721F1DC4D0013E0F4 /* Release */ = {
			isa = XCBuildConfiguration;
			baseConfigurationReference = 289D4D704984A7917287023B /* Pods-NSDExtendTools.release.xcconfig */;
			buildSettings = {
				ASSETCATALOG_COMPILER_APPICON_NAME = AppIcon;
				CODE_SIGN_STYLE = Automatic;
				INFOPLIST_FILE = Info.plist;
				IPHONEOS_DEPLOYMENT_TARGET = 9.0;
				LD_RUNPATH_SEARCH_PATHS = (
					"$(inherited)",
					"@executable_path/Frameworks",
				);
				PRODUCT_BUNDLE_IDENTIFIER = com.NeeSDev.NSDExtendTools;
				PRODUCT_NAME = "$(TARGET_NAME)";
				TARGETED_DEVICE_FAMILY = "1,2";
			};
			name = Release;
		};
/* End XCBuildConfiguration section */

/* Begin XCConfigurationList section */
		186E066A21F1DC4C0013E0F4 /* Build configuration list for PBXProject "NSDExtendTools" */ = {
			isa = XCConfigurationList;
			buildConfigurations = (
				186E068321F1DC4D0013E0F4 /* Debug */,
				186E068421F1DC4D0013E0F4 /* Release */,
			);
			defaultConfigurationIsVisible = 0;
			defaultConfigurationName = Release;
		};
		186E068521F1DC4D0013E0F4 /* Build configuration list for PBXNativeTarget "NSDExtendTools" */ = {
			isa = XCConfigurationList;
			buildConfigurations = (
				186E068621F1DC4D0013E0F4 /* Debug */,
				186E068721F1DC4D0013E0F4 /* Release */,
			);
			defaultConfigurationIsVisible = 0;
			defaultConfigurationName = Release;
		};
/* End XCConfigurationList section */
	};
	rootObject = 186E066721F1DC4C0013E0F4 /* Project object */;
}
